
Microsoft Visual Studio Solution File, Format Version 12.00
# Visual Studio 14
VisualStudioVersion = 14.0.24720.0
MinimumVisualStudioVersion = 10.0.40219.1
Project("{2150E333-8FDC-42A3-9474-1A3956D46DE8}") = "src", "src", "{2D911AB5-82AA-4BA1-B8EB-ACD5ACBE4461}"
EndProject
Project("{2150E333-8FDC-42A3-9474-1A3956D46DE8}") = "Solution Items", "Solution Items", "{A938B39A-AC2B-496B-A315-A1AE2BF94656}"
	ProjectSection(SolutionItems) = preProject
		global.json = global.json
		htmlIndex.html = htmlIndex.html
	EndProjectSection
EndProject
Project("{8BB2217D-0F2D-49D1-97BC-3654ED321F3B}") = "ListPlanner", "src\ListPlanner\ListPlanner.xproj", "{2584C731-FCCC-4D2E-BC9A-5493F9F6FC4E}"
EndProject
Global
	GlobalSection(SolutionConfigurationPlatforms) = preSolution
		Debug|Any CPU = Debug|Any CPU
		Release|Any CPU = Release|Any CPU
	EndGlobalSection
	GlobalSection(ProjectConfigurationPlatforms) = postSolution
		{2584C731-FCCC-4D2E-BC9A-5493F9F6FC4E}.Debug|Any CPU.ActiveCfg = Debug|Any CPU
		{2584C731-FCCC-4D2E-BC9A-5493F9F6FC4E}.Debug|Any CPU.Build.0 = Debug|Any CPU
		{2584C731-FCCC-4D2E-BC9A-5493F9F6FC4E}.Release|Any CPU.ActiveCfg = Release|Any CPU
		{2584C731-FCCC-4D2E-BC9A-5493F9F6FC4E}.Release|Any CPU.Build.0 = Release|Any CPU
	EndGlobalSection
	GlobalSection(SolutionProperties) = preSolution
		HideSolutionNode = FALSE
	EndGlobalSection
	GlobalSection(NestedProjects) = preSolution
		{2584C731-FCCC-4D2E-BC9A-5493F9F6FC4E} = {2D911AB5-82AA-4BA1-B8EB-ACD5ACBE4461}
	EndGlobalSection
EndGlobal
